
Microsoft Visual Studio Solution File, Format Version 12.00
# Visual Studio Version 17
VisualStudioVersion = 17.9.34622.214
MinimumVisualStudioVersion = 10.0.40219.1
Project("{FAE04EC0-301F-11D3-BF4B-00C04F79EFBC}") = "Limb_Mission10", "Limb_Mission10.csproj", "{A8D73BC0-701F-4164-B5EA-3A1055E0636B}"
EndProject
Global
	GlobalSection(SolutionConfigurationPlatforms) = preSolution
		Debug|Any CPU = Debug|Any CPU
		Release|Any CPU = Release|Any CPU
	EndGlobalSection
	GlobalSection(ProjectConfigurationPlatforms) = postSolution
		{A8D73BC0-701F-4164-B5EA-3A1055E0636B}.Debug|Any CPU.ActiveCfg = Debug|Any CPU
		{A8D73BC0-701F-4164-B5EA-3A1055E0636B}.Debug|Any CPU.Build.0 = Debug|Any CPU
		{A8D73BC0-701F-4164-B5EA-3A1055E0636B}.Release|Any CPU.ActiveCfg = Release|Any CPU
		{A8D73BC0-701F-4164-B5EA-3A1055E0636B}.Release|Any CPU.Build.0 = Release|Any CPU
	EndGlobalSection
	GlobalSection(SolutionProperties) = preSolution
		HideSolutionNode = FALSE
	EndGlobalSection
	GlobalSection(ExtensibilityGlobals) = postSolution
		SolutionGuid = {891FE933-7D7D-45FC-AB46-0792EF95FA4A}
	EndGlobalSection
EndGlobal
